
Microsoft Visual Studio Solution File, Format Version 12.00
# Visual Studio Version 17
VisualStudioVersion = 17.14.36401.2 d17.14
MinimumVisualStudioVersion = 10.0.40219.1
Project("{FAE04EC0-301F-11D3-BF4B-00C04F79EFBC}") = "Login_Form", "Login_Form\Login_Form.csproj", "{BC3FDB7F-DD7C-41B4-A439-B60170408C33}"
EndProject
Global
	GlobalSection(SolutionConfigurationPlatforms) = preSolution
		Debug|Any CPU = Debug|Any CPU
		Release|Any CPU = Release|Any CPU
	EndGlobalSection
	GlobalSection(ProjectConfigurationPlatforms) = postSolution
		{BC3FDB7F-DD7C-41B4-A439-B60170408C33}.Debug|Any CPU.ActiveCfg = Debug|Any CPU
		{BC3FDB7F-DD7C-41B4-A439-B60170408C33}.Debug|Any CPU.Build.0 = Debug|Any CPU
		{BC3FDB7F-DD7C-41B4-A439-B60170408C33}.Release|Any CPU.ActiveCfg = Release|Any CPU
		{BC3FDB7F-DD7C-41B4-A439-B60170408C33}.Release|Any CPU.Build.0 = Release|Any CPU
	EndGlobalSection
	GlobalSection(SolutionProperties) = preSolution
		HideSolutionNode = FALSE
	EndGlobalSection
	GlobalSection(ExtensibilityGlobals) = postSolution
		SolutionGuid = {6EF5006E-5C38-4D8C-873A-C022E535AD8A}
	EndGlobalSection
EndGlobal
